<Solution>
  <Project Path="PatchNotes.Api/PatchNotes.Api.csproj" />
  <Project Path="PatchNotes.Data/PatchNotes.Data.csproj" />
  <Project Path="PatchNotes.Sync/PatchNotes.Sync.csproj" />
  <Project Path="PatchNotes.Functions/PatchNotes.Functions.csproj" />
  <Project Path="PatchNotes.Tests/PatchNotes.Tests.csproj" />
</Solution>
